
Microsoft Visual Studio Solution File, Format Version 12.00
# Visual Studio Version 16
VisualStudioVersion = 16.0.33529.622
MinimumVisualStudioVersion = 10.0.40219.1
Project("{9A19103F-16F7-4668-BE54-9A1E7A4F7556}") = "Nop.Plugin.Payments.PhonePe", "Nop.Plugin.Payments.PhonePe.csproj", "{72813E9A-F84F-4A0E-BF29-CCAD17FEAF2B}"
EndProject
Global
	GlobalSection(SolutionConfigurationPlatforms) = preSolution
		Debug|Any CPU = Debug|Any CPU
		Release|Any CPU = Release|Any CPU
	EndGlobalSection
	GlobalSection(ProjectConfigurationPlatforms) = postSolution
		{72813E9A-F84F-4A0E-BF29-CCAD17FEAF2B}.Debug|Any CPU.ActiveCfg = Debug|Any CPU
		{72813E9A-F84F-4A0E-BF29-CCAD17FEAF2B}.Debug|Any CPU.Build.0 = Debug|Any CPU
		{72813E9A-F84F-4A0E-BF29-CCAD17FEAF2B}.Release|Any CPU.ActiveCfg = Release|Any CPU
		{72813E9A-F84F-4A0E-BF29-CCAD17FEAF2B}.Release|Any CPU.Build.0 = Release|Any CPU
	EndGlobalSection
	GlobalSection(SolutionProperties) = preSolution
		HideSolutionNode = FALSE
	EndGlobalSection
	GlobalSection(ExtensibilityGlobals) = postSolution
		SolutionGuid = {847D4A8A-2139-4C43-AD64-E26AD287ACD7}
	EndGlobalSection
EndGlobal
